
Microsoft Visual Studio Solution File, Format Version 12.00
Project("{FAE04EC0-301F-11D3-BF4B-00C04F79EFBC}") = "soft-arch-encapsulation", "soft-arch-encapsulation\soft-arch-encapsulation.csproj", "{90FF1044-C03E-4D80-910A-E186CEB0BC2A}"
EndProject
Global
	GlobalSection(SolutionConfigurationPlatforms) = preSolution
		Debug|Any CPU = Debug|Any CPU
		Release|Any CPU = Release|Any CPU
	EndGlobalSection
	GlobalSection(ProjectConfigurationPlatforms) = postSolution
		{90FF1044-C03E-4D80-910A-E186CEB0BC2A}.Debug|Any CPU.ActiveCfg = Debug|Any CPU
		{90FF1044-C03E-4D80-910A-E186CEB0BC2A}.Debug|Any CPU.Build.0 = Debug|Any CPU
		{90FF1044-C03E-4D80-910A-E186CEB0BC2A}.Release|Any CPU.ActiveCfg = Release|Any CPU
		{90FF1044-C03E-4D80-910A-E186CEB0BC2A}.Release|Any CPU.Build.0 = Release|Any CPU
	EndGlobalSection
EndGlobal
